
Microsoft Visual Studio Solution File, Format Version 12.00
# Visual Studio Version 17
VisualStudioVersion = 17.10.35122.118
MinimumVisualStudioVersion = 10.0.40219.1
Project("{9A19103F-16F7-4668-BE54-9A1E7A4F7556}") = "Movedor", "Movedor.csproj", "{C0C5E0B8-8C70-46D2-A70F-CEEAA1BEE96F}"
EndProject
Project("{2150E333-8FDC-42A3-9474-1A3956D46DE8}") = "src", "src", "{D4373B0D-CDCE-45B5-904C-2C98DC8C032C}"
EndProject
Project("{2150E333-8FDC-42A3-9474-1A3956D46DE8}") = "teste", "teste", "{2D0BF327-0935-489F-BEF4-EFAD865D68B3}"
EndProject
Global
	GlobalSection(SolutionConfigurationPlatforms) = preSolution
		Debug|Any CPU = Debug|Any CPU
		Release|Any CPU = Release|Any CPU
	EndGlobalSection
	GlobalSection(ProjectConfigurationPlatforms) = postSolution
		{C0C5E0B8-8C70-46D2-A70F-CEEAA1BEE96F}.Debug|Any CPU.ActiveCfg = Debug|Any CPU
		{C0C5E0B8-8C70-46D2-A70F-CEEAA1BEE96F}.Debug|Any CPU.Build.0 = Debug|Any CPU
		{C0C5E0B8-8C70-46D2-A70F-CEEAA1BEE96F}.Release|Any CPU.ActiveCfg = Release|Any CPU
		{C0C5E0B8-8C70-46D2-A70F-CEEAA1BEE96F}.Release|Any CPU.Build.0 = Release|Any CPU
	EndGlobalSection
	GlobalSection(SolutionProperties) = preSolution
		HideSolutionNode = FALSE
	EndGlobalSection
	GlobalSection(NestedProjects) = preSolution
		{C0C5E0B8-8C70-46D2-A70F-CEEAA1BEE96F} = {D4373B0D-CDCE-45B5-904C-2C98DC8C032C}
	EndGlobalSection
	GlobalSection(ExtensibilityGlobals) = postSolution
		SolutionGuid = {A72C5135-8CD2-4B61-8BEC-2A6303A6614D}
	EndGlobalSection
EndGlobal
